
Microsoft Visual Studio Solution File, Format Version 12.00
Project("{FAE04EC0-301F-11D3-BF4B-00C04F79EFBC}") = "API Benchmark", "API Benchmark\API Benchmark.csproj", "{72B14480-1E19-4FD2-A1DB-14A09AF539BE}"
EndProject
Global
	GlobalSection(SolutionConfigurationPlatforms) = preSolution
		Debug|Any CPU = Debug|Any CPU
		Release|Any CPU = Release|Any CPU
	EndGlobalSection
	GlobalSection(ProjectConfigurationPlatforms) = postSolution
		{72B14480-1E19-4FD2-A1DB-14A09AF539BE}.Debug|Any CPU.ActiveCfg = Debug|Any CPU
		{72B14480-1E19-4FD2-A1DB-14A09AF539BE}.Debug|Any CPU.Build.0 = Debug|Any CPU
		{72B14480-1E19-4FD2-A1DB-14A09AF539BE}.Release|Any CPU.ActiveCfg = Release|Any CPU
		{72B14480-1E19-4FD2-A1DB-14A09AF539BE}.Release|Any CPU.Build.0 = Release|Any CPU
	EndGlobalSection
EndGlobal
